Microsoft Visual Studio Solution File, Format Version 12.00
# Visual Studio Version 17
VisualStudioVersion = 17.5.2.0
MinimumVisualStudioVersion = 10.0.40219.1
Project("{FAE04EC0-301F-11D3-BF4B-00C04F79EFBC}") = "ManicureShop", "ManicureShop.csproj", "{87AB114D-53C8-5310-EB32-CE461F449750}"
EndProject
Global
	GlobalSection(SolutionConfigurationPlatforms) = preSolution
		Debug|Any CPU = Debug|Any CPU
		Release|Any CPU = Release|Any CPU
	EndGlobalSection
	GlobalSection(ProjectConfigurationPlatforms) = postSolution
		{87AB114D-53C8-5310-EB32-CE461F449750}.Debug|Any CPU.ActiveCfg = Debug|Any CPU
		{87AB114D-53C8-5310-EB32-CE461F449750}.Debug|Any CPU.Build.0 = Debug|Any CPU
		{87AB114D-53C8-5310-EB32-CE461F449750}.Release|Any CPU.ActiveCfg = Release|Any CPU
		{87AB114D-53C8-5310-EB32-CE461F449750}.Release|Any CPU.Build.0 = Release|Any CPU
	EndGlobalSection
	GlobalSection(SolutionProperties) = preSolution
		HideSolutionNode = FALSE
	EndGlobalSection
	GlobalSection(ExtensibilityGlobals) = postSolution
		SolutionGuid = {DE9383C6-652B-420E-9F03-1AD7D32AD9C3}
	EndGlobalSection
EndGlobal
